
Microsoft Visual Studio Solution File, Format Version 12.00
# Visual Studio Version 17
VisualStudioVersion = 17.5.33414.496
MinimumVisualStudioVersion = 10.0.40219.1
Project("{FAE04EC0-301F-11D3-BF4B-00C04F79EFBC}") = "DotNetMonitor", "DotNetMonitor.csproj", "{4FE4D2C8-B120-4538-9152-25C9C7022311}"
EndProject
Global
	GlobalSection(SolutionConfigurationPlatforms) = preSolution
		Debug|Any CPU = Debug|Any CPU
		Debug|x64 = Debug|x64
		Release|Any CPU = Release|Any CPU
		Release|x64 = Release|x64
	EndGlobalSection
	GlobalSection(ProjectConfigurationPlatforms) = postSolution
		{4FE4D2C8-B120-4538-9152-25C9C7022311}.Debug|Any CPU.ActiveCfg = Debug|Any CPU
		{4FE4D2C8-B120-4538-9152-25C9C7022311}.Debug|Any CPU.Build.0 = Debug|Any CPU
		{4FE4D2C8-B120-4538-9152-25C9C7022311}.Debug|x64.ActiveCfg = Debug|x64
		{4FE4D2C8-B120-4538-9152-25C9C7022311}.Debug|x64.Build.0 = Debug|x64
		{4FE4D2C8-B120-4538-9152-25C9C7022311}.Release|Any CPU.ActiveCfg = Release|Any CPU
		{4FE4D2C8-B120-4538-9152-25C9C7022311}.Release|Any CPU.Build.0 = Release|Any CPU
		{4FE4D2C8-B120-4538-9152-25C9C7022311}.Release|x64.ActiveCfg = Release|x64
		{4FE4D2C8-B120-4538-9152-25C9C7022311}.Release|x64.Build.0 = Release|x64
	EndGlobalSection
	GlobalSection(SolutionProperties) = preSolution
		HideSolutionNode = FALSE
	EndGlobalSection
	GlobalSection(ExtensibilityGlobals) = postSolution
		SolutionGuid = {0834F2ED-09E6-455F-AEDF-5119CD22231D}
	EndGlobalSection
EndGlobal
